// !$*UTF8*$!
{
	archiveVersion = 1;
	classes = {
	};
	objectVersion = 46;
	objects = {

/* Begin PBXAggregateTarget section */
		"SwiftAmitHexFramework::SwiftAmitHexFrameworkPackageTests::ProductTarget" /* SwiftAmitHexFrameworkPackageTests */ = {
			isa = PBXAggregateTarget;
			buildConfigurationList = OBJ_51 /* Build configuration list for PBXAggregateTarget "SwiftAmitHexFrameworkPackageTests" */;
			buildPhases = (
			);
			dependencies = (
				OBJ_54 /* PBXTargetDependency */,
			);
			name = SwiftAmitHexFrameworkPackageTests;
			productName = SwiftAmitHexFrameworkPackageTests;
		};
/* End PBXAggregateTarget section */

/* Begin PBXBuildFile section */
		OBJ_34 /* Hex.swift in Sources */ = {isa = PBXBuildFile; fileRef = OBJ_9 /* Hex.swift */; };
		OBJ_35 /* HexConvertion.swift in Sources */ = {isa = PBXBuildFile; fileRef = OBJ_10 /* HexConvertion.swift */; };
		OBJ_36 /* HexDrawing.swift in Sources */ = {isa = PBXBuildFile; fileRef = OBJ_11 /* HexDrawing.swift */; };
		OBJ_37 /* HexFractional.swift in Sources */ = {isa = PBXBuildFile; fileRef = OBJ_12 /* HexFractional.swift */; };
		OBJ_38 /* HexLayout.swift in Sources */ = {isa = PBXBuildFile; fileRef = OBJ_13 /* HexLayout.swift */; };
		OBJ_39 /* HexOrientation.swift in Sources */ = {isa = PBXBuildFile; fileRef = OBJ_14 /* HexOrientation.swift */; };
		OBJ_40 /* HexShape.swift in Sources */ = {isa = PBXBuildFile; fileRef = OBJ_15 /* HexShape.swift */; };
		OBJ_42 /* HexWorldPoint.swift in Sources */ = {isa = PBXBuildFile; fileRef = OBJ_17 /* HexWorldPoint.swift */; };
		OBJ_49 /* Package.swift in Sources */ = {isa = PBXBuildFile; fileRef = OBJ_6 /* Package.swift */; };
		OBJ_60 /* HexLayoutTests.swift in Sources */ = {isa = PBXBuildFile; fileRef = OBJ_20 /* HexLayoutTests.swift */; };
		OBJ_61 /* HexTests.swift in Sources */ = {isa = PBXBuildFile; fileRef = OBJ_21 /* HexTests.swift */; };
		OBJ_63 /* XCTestManifests.swift in Sources */ = {isa = PBXBuildFile; fileRef = OBJ_23 /* XCTestManifests.swift */; };
		OBJ_65 /* SwiftAmitHexFramework.framework in Frameworks */ = {isa = PBXBuildFile; fileRef = "SwiftAmitHexFramework::SwiftAmitHexFramework::Product" /* SwiftAmitHexFramework.framework */; };
/* End PBXBuildFile section */

/* Begin PBXContainerItemProxy section */
		3186956724CB9F4B00565D93 /* PBXContainerItemProxy */ = {
			isa = PBXContainerItemProxy;
			containerPortal = OBJ_1 /* Project object */;
			proxyType = 1;
			remoteGlobalIDString = "SwiftAmitHexFramework::SwiftAmitHexFramework";
			remoteInfo = SwiftAmitHexFramework;
		};
		3186956824CB9F4C00565D93 /* PBXContainerItemProxy */ = {
			isa = PBXContainerItemProxy;
			containerPortal = OBJ_1 /* Project object */;
			proxyType = 1;
			remoteGlobalIDString = "SwiftAmitHexFramework::SwiftAmitHexFrameworkTests";
			remoteInfo = SwiftAmitHexFrameworkTests;
		};
/* End PBXContainerItemProxy section */

/* Begin PBXFileReference section */
		OBJ_10 /* HexConvertion.swift */ = {isa = PBXFileReference; lastKnownFileType = sourcecode.swift; path = HexConvertion.swift; sourceTree = "<group>"; };
		OBJ_11 /* HexDrawing.swift */ = {isa = PBXFileReference; lastKnownFileType = sourcecode.swift; path = HexDrawing.swift; sourceTree = "<group>"; };
		OBJ_12 /* HexFractional.swift */ = {isa = PBXFileReference; lastKnownFileType = sourcecode.swift; path = HexFractional.swift; sourceTree = "<group>"; };
		OBJ_13 /* HexLayout.swift */ = {isa = PBXFileReference; lastKnownFileType = sourcecode.swift; path = HexLayout.swift; sourceTree = "<group>"; };
		OBJ_14 /* HexOrientation.swift */ = {isa = PBXFileReference; lastKnownFileType = sourcecode.swift; path = HexOrientation.swift; sourceTree = "<group>"; };
		OBJ_15 /* HexShape.swift */ = {isa = PBXFileReference; lastKnownFileType = sourcecode.swift; path = HexShape.swift; sourceTree = "<group>"; };
		OBJ_17 /* HexWorldPoint.swift */ = {isa = PBXFileReference; lastKnownFileType = sourcecode.swift; path = HexWorldPoint.swift; sourceTree = "<group>"; };
		OBJ_20 /* HexLayoutTests.swift */ = {isa = PBXFileReference; lastKnownFileType = sourcecode.swift; path = HexLayoutTests.swift; sourceTree = "<group>"; };
		OBJ_21 /* HexTests.swift */ = {isa = PBXFileReference; lastKnownFileType = sourcecode.swift; path = HexTests.swift; sourceTree = "<group>"; };
		OBJ_23 /* XCTestManifests.swift */ = {isa = PBXFileReference; lastKnownFileType = sourcecode.swift; path = XCTestManifests.swift; sourceTree = "<group>"; };
		OBJ_27 /* BUILDS */ = {isa = PBXFileReference; lastKnownFileType = folder; path = BUILDS; sourceTree = SOURCE_ROOT; };
		OBJ_28 /* README.md */ = {isa = PBXFileReference; lastKnownFileType = net.daringfireball.markdown; path = README.md; sourceTree = "<group>"; };
		OBJ_6 /* Package.swift */ = {isa = PBXFileReference; explicitFileType = sourcecode.swift; path = Package.swift; sourceTree = "<group>"; };
		OBJ_9 /* Hex.swift */ = {isa = PBXFileReference; lastKnownFileType = sourcecode.swift; path = Hex.swift; sourceTree = "<group>"; };
		"SwiftAmitHexFramework::SwiftAmitHexFramework::Product" /* SwiftAmitHexFramework.framework */ = {isa = PBXFileReference; lastKnownFileType = wrapper.framework; path = SwiftAmitHexFramework.framework; sourceTree = BUILT_PRODUCTS_DIR; };
		"SwiftAmitHexFramework::SwiftAmitHexFrameworkTests::Product" /* SwiftAmitHexFrameworkTests.xctest */ = {isa = PBXFileReference; lastKnownFileType = file; path = SwiftAmitHexFrameworkTests.xctest; sourceTree = BUILT_PRODUCTS_DIR; };
/* End PBXFileReference section */

/* Begin PBXFrameworksBuildPhase section */
		OBJ_43 /* Frameworks */ = {
			isa = PBXFrameworksBuildPhase;
			buildActionMask = 0;
			files = (
			);
			runOnlyForDeploymentPostprocessing = 0;
		};
		OBJ_64 /* Frameworks */ = {
			isa = PBXFrameworksBuildPhase;
			buildActionMask = 0;
			files = (
				OBJ_65 /* SwiftAmitHexFramework.framework in Frameworks */,
			);
			runOnlyForDeploymentPostprocessing = 0;
		};
/* End PBXFrameworksBuildPhase section */

/* Begin PBXGroup section */
		OBJ_18 /* Tests */ = {
			isa = PBXGroup;
			children = (
				OBJ_19 /* SwiftAmitHexFrameworkTests */,
			);
			name = Tests;
			sourceTree = SOURCE_ROOT;
		};
		OBJ_19 /* SwiftAmitHexFrameworkTests */ = {
			isa = PBXGroup;
			children = (
				OBJ_21 /* HexTests.swift */,
				OBJ_20 /* HexLayoutTests.swift */,
				OBJ_23 /* XCTestManifests.swift */,
			);
			name = SwiftAmitHexFrameworkTests;
			path = Tests/SwiftAmitHexFrameworkTests;
			sourceTree = SOURCE_ROOT;
		};
		OBJ_24 /* Products */ = {
			isa = PBXGroup;
			children = (
				"SwiftAmitHexFramework::SwiftAmitHexFramework::Product" /* SwiftAmitHexFramework.framework */,
				"SwiftAmitHexFramework::SwiftAmitHexFrameworkTests::Product" /* SwiftAmitHexFrameworkTests.xctest */,
			);
			name = Products;
			sourceTree = BUILT_PRODUCTS_DIR;
		};
		OBJ_5 /*  */ = {
			isa = PBXGroup;
			children = (
				OBJ_6 /* Package.swift */,
				OBJ_7 /* Sources */,
				OBJ_18 /* Tests */,
				OBJ_24 /* Products */,
				OBJ_27 /* BUILDS */,
				OBJ_28 /* README.md */,
			);
			name = "";
			sourceTree = "<group>";
		};
		OBJ_7 /* Sources */ = {
			isa = PBXGroup;
			children = (
				OBJ_8 /* SwiftAmitHexFramework */,
			);
			name = Sources;
			sourceTree = SOURCE_ROOT;
		};
		OBJ_8 /* SwiftAmitHexFramework */ = {
			isa = PBXGroup;
			children = (
				OBJ_9 /* Hex.swift */,
				OBJ_10 /* HexConvertion.swift */,
				OBJ_11 /* HexDrawing.swift */,
				OBJ_12 /* HexFractional.swift */,
				OBJ_13 /* HexLayout.swift */,
				OBJ_14 /* HexOrientation.swift */,
				OBJ_15 /* HexShape.swift */,
				OBJ_17 /* HexWorldPoint.swift */,
			);
			name = SwiftAmitHexFramework;
			path = Sources/SwiftAmitHexFramework;
			sourceTree = SOURCE_ROOT;
		};
/* End PBXGroup section */

/* Begin PBXNativeTarget section */
		"SwiftAmitHexFramework::SwiftAmitHexFramework" /* SwiftAmitHexFramework */ = {
			isa = PBXNativeTarget;
			buildConfigurationList = OBJ_30 /* Build configuration list for PBXNativeTarget "SwiftAmitHexFramework" */;
			buildPhases = (
				OBJ_33 /* Sources */,
				OBJ_43 /* Frameworks */,
			);
			buildRules = (
			);
			dependencies = (
			);
			name = SwiftAmitHexFramework;
			productName = SwiftAmitHexFramework;
			productReference = "SwiftAmitHexFramework::SwiftAmitHexFramework::Product" /* SwiftAmitHexFramework.framework */;
			productType = "com.apple.product-type.framework";
		};
		"SwiftAmitHexFramework::SwiftAmitHexFrameworkTests" /* SwiftAmitHexFrameworkTests */ = {
			isa = PBXNativeTarget;
			buildConfigurationList = OBJ_56 /* Build configuration list for PBXNativeTarget "SwiftAmitHexFrameworkTests" */;
			buildPhases = (
				OBJ_59 /* Sources */,
				OBJ_64 /* Frameworks */,
			);
			buildRules = (
			);
			dependencies = (
				OBJ_66 /* PBXTargetDependency */,
			);
			name = SwiftAmitHexFrameworkTests;
			productName = SwiftAmitHexFrameworkTests;
			productReference = "SwiftAmitHexFramework::SwiftAmitHexFrameworkTests::Product" /* SwiftAmitHexFrameworkTests.xctest */;
			productType = "com.apple.product-type.bundle.unit-test";
		};
		"SwiftAmitHexFramework::SwiftPMPackageDescription" /* SwiftAmitHexFrameworkPackageDescription */ = {
			isa = PBXNativeTarget;
			buildConfigurationList = OBJ_45 /* Build configuration list for PBXNativeTarget "SwiftAmitHexFrameworkPackageDescription" */;
			buildPhases = (
				OBJ_48 /* Sources */,
			);
			buildRules = (
			);
			dependencies = (
			);
			name = SwiftAmitHexFrameworkPackageDescription;
			productName = SwiftAmitHexFrameworkPackageDescription;
			productType = "com.apple.product-type.framework";
		};
/* End PBXNativeTarget section */

/* Begin PBXProject section */
		OBJ_1 /* Project object */ = {
			isa = PBXProject;
			attributes = {
				LastSwiftMigration = 9999;
				LastUpgradeCheck = 9999;
			};
			buildConfigurationList = OBJ_2 /* Build configuration list for PBXProject "SwiftAmitHexFramework" */;
			compatibilityVersion = "Xcode 3.2";
			developmentRegion = en;
			hasScannedForEncodings = 0;
			knownRegions = (
				en,
			);
			mainGroup = OBJ_5 /*  */;
			productRefGroup = OBJ_24 /* Products */;
			projectDirPath = "";
			projectRoot = "";
			targets = (
				"SwiftAmitHexFramework::SwiftAmitHexFramework" /* SwiftAmitHexFramework */,
				"SwiftAmitHexFramework::SwiftPMPackageDescription" /* SwiftAmitHexFrameworkPackageDescription */,
				"SwiftAmitHexFramework::SwiftAmitHexFrameworkPackageTests::ProductTarget" /* SwiftAmitHexFrameworkPackageTests */,
				"SwiftAmitHexFramework::SwiftAmitHexFrameworkTests" /* SwiftAmitHexFrameworkTests */,
			);
		};
/* End PBXProject section */

/* Begin PBXSourcesBuildPhase section */
		OBJ_33 /* Sources */ = {
			isa = PBXSourcesBuildPhase;
			buildActionMask = 0;
			files = (
				OBJ_34 /* Hex.swift in Sources */,
				OBJ_35 /* HexConvertion.swift in Sources */,
				OBJ_36 /* HexDrawing.swift in Sources */,
				OBJ_37 /* HexFractional.swift in Sources */,
				OBJ_38 /* HexLayout.swift in Sources */,
				OBJ_39 /* HexOrientation.swift in Sources */,
				OBJ_40 /* HexShape.swift in Sources */,
				OBJ_42 /* HexWorldPoint.swift in Sources */,
			);
			runOnlyForDeploymentPostprocessing = 0;
		};
		OBJ_48 /* Sources */ = {
			isa = PBXSourcesBuildPhase;
			buildActionMask = 0;
			files = (
				OBJ_49 /* Package.swift in Sources */,
			);
			runOnlyForDeploymentPostprocessing = 0;
		};
		OBJ_59 /* Sources */ = {
			isa = PBXSourcesBuildPhase;
			buildActionMask = 0;
			files = (
				OBJ_60 /* HexLayoutTests.swift in Sources */,
				OBJ_61 /* HexTests.swift in Sources */,
				OBJ_63 /* XCTestManifests.swift in Sources */,
			);
			runOnlyForDeploymentPostprocessing = 0;
		};
/* End PBXSourcesBuildPhase section */

/* Begin PBXTargetDependency section */
		OBJ_54 /* PBXTargetDependency */ = {
			isa = PBXTargetDependency;
			target = "SwiftAmitHexFramework::SwiftAmitHexFrameworkTests" /* SwiftAmitHexFrameworkTests */;
			targetProxy = 3186956824CB9F4C00565D93 /* PBXContainerItemProxy */;
		};
		OBJ_66 /* PBXTargetDependency */ = {
			isa = PBXTargetDependency;
			target = "SwiftAmitHexFramework::SwiftAmitHexFramework" /* SwiftAmitHexFramework */;
			targetProxy = 3186956724CB9F4B00565D93 /* PBXContainerItemProxy */;
		};
/* End PBXTargetDependency section */

/* Begin XCBuildConfiguration section */
		OBJ_3 /* Debug */ = {
			isa = XCBuildConfiguration;
			buildSettings = {
				CLANG_ENABLE_OBJC_ARC = YES;
				COMBINE_HIDPI_IMAGES = YES;
				COPY_PHASE_STRIP = NO;
				DEBUG_INFORMATION_FORMAT = dwarf;
				DYLIB_INSTALL_NAME_BASE = "@rpath";
				ENABLE_NS_ASSERTIONS = YES;
				GCC_OPTIMIZATION_LEVEL = 0;
				GCC_PREPROCESSOR_DEFINITIONS = (
					"$(inherited)",
					"SWIFT_PACKAGE=1",
					"DEBUG=1",
				);
				MACOSX_DEPLOYMENT_TARGET = 10.10;
				ONLY_ACTIVE_ARCH = YES;
				OTHER_SWIFT_FLAGS = "$(inherited) -DXcode";
				PRODUCT_NAME = "$(TARGET_NAME)";
				SDKROOT = macosx;
				SUPPORTED_PLATFORMS = "macosx iphoneos iphonesimulator appletvos appletvsimulator watchos watchsimulator";
				SWIFT_ACTIVE_COMPILATION_CONDITIONS = "$(inherited) SWIFT_PACKAGE DEBUG";
				SWIFT_OPTIMIZATION_LEVEL = "-Onone";
				USE_HEADERMAP = NO;
			};
			name = Debug;
		};
		OBJ_31 /* Debug */ = {
			isa = XCBuildConfiguration;
			buildSettings = {
				ENABLE_TESTABILITY = YES;
				FRAMEWORK_SEARCH_PATHS = (
					"$(inherited)",
					"$(PLATFORM_DIR)/Developer/Library/Frameworks",
				);
				HEADER_SEARCH_PATHS = "$(inherited)";
				INFOPLIST_FILE = SwiftAmitHexFramework.xcodeproj/SwiftAmitHexFramework_Info.plist;
				IPHONEOS_DEPLOYMENT_TARGET = 8.0;
				LD_RUNPATH_SEARCH_PATHS = "$(inherited) $(TOOLCHAIN_DIR)/usr/lib/swift/macosx";
				MACOSX_DEPLOYMENT_TARGET = 10.10;
				OTHER_CFLAGS = "$(inherited)";
				OTHER_LDFLAGS = "$(inherited)";
				OTHER_SWIFT_FLAGS = "$(inherited)";
				PRODUCT_BUNDLE_IDENTIFIER = SwiftAmitHexFramework;
				PRODUCT_MODULE_NAME = "$(TARGET_NAME:c99extidentifier)";
				PRODUCT_NAME = "$(TARGET_NAME:c99extidentifier)";
				SKIP_INSTALL = YES;
				SWIFT_ACTIVE_COMPILATION_CONDITIONS = "$(inherited)";
				SWIFT_VERSION = 5.0;
				TARGET_NAME = SwiftAmitHexFramework;
				TVOS_DEPLOYMENT_TARGET = 9.0;
				WATCHOS_DEPLOYMENT_TARGET = 2.0;
			};
			name = Debug;
		};
		OBJ_32 /* Release */ = {
			isa = XCBuildConfiguration;
			buildSettings = {
				ENABLE_TESTABILITY = YES;
				FRAMEWORK_SEARCH_PATHS = (
					"$(inherited)",
					"$(PLATFORM_DIR)/Developer/Library/Frameworks",
				);
				HEADER_SEARCH_PATHS = "$(inherited)";
				INFOPLIST_FILE = SwiftAmitHexFramework.xcodeproj/SwiftAmitHexFramework_Info.plist;
				IPHONEOS_DEPLOYMENT_TARGET = 8.0;
				LD_RUNPATH_SEARCH_PATHS = "$(inherited) $(TOOLCHAIN_DIR)/usr/lib/swift/macosx";
				MACOSX_DEPLOYMENT_TARGET = 10.10;
				OTHER_CFLAGS = "$(inherited)";
				OTHER_LDFLAGS = "$(inherited)";
				OTHER_SWIFT_FLAGS = "$(inherited)";
				PRODUCT_BUNDLE_IDENTIFIER = SwiftAmitHexFramework;
				PRODUCT_MODULE_NAME = "$(TARGET_NAME:c99extidentifier)";
				PRODUCT_NAME = "$(TARGET_NAME:c99extidentifier)";
				SKIP_INSTALL = YES;
				SWIFT_ACTIVE_COMPILATION_CONDITIONS = "$(inherited)";
				SWIFT_VERSION = 5.0;
				TARGET_NAME = SwiftAmitHexFramework;
				TVOS_DEPLOYMENT_TARGET = 9.0;
				WATCHOS_DEPLOYMENT_TARGET = 2.0;
			};
			name = Release;
		};
		OBJ_4 /* Release */ = {
			isa = XCBuildConfiguration;
			buildSettings = {
				CLANG_ENABLE_OBJC_ARC = YES;
				COMBINE_HIDPI_IMAGES = YES;
				COPY_PHASE_STRIP = YES;
				DEBUG_INFORMATION_FORMAT = "dwarf-with-dsym";
				DYLIB_INSTALL_NAME_BASE = "@rpath";
				GCC_OPTIMIZATION_LEVEL = s;
				GCC_PREPROCESSOR_DEFINITIONS = (
					"$(inherited)",
					"SWIFT_PACKAGE=1",
				);
				MACOSX_DEPLOYMENT_TARGET = 10.10;
				OTHER_SWIFT_FLAGS = "$(inherited) -DXcode";
				PRODUCT_NAME = "$(TARGET_NAME)";
				SDKROOT = macosx;
				SUPPORTED_PLATFORMS = "macosx iphoneos iphonesimulator appletvos appletvsimulator watchos watchsimulator";
				SWIFT_ACTIVE_COMPILATION_CONDITIONS = "$(inherited) SWIFT_PACKAGE";
				SWIFT_OPTIMIZATION_LEVEL = "-Owholemodule";
				USE_HEADERMAP = NO;
			};
			name = Release;
		};
		OBJ_46 /* Debug */ = {
			isa = XCBuildConfiguration;
			buildSettings = {
				LD = /usr/bin/true;
				OTHER_SWIFT_FLAGS = "-swift-version 5 -I $(TOOLCHAIN_DIR)/usr/lib/swift/pm/4_2 -target x86_64-apple-macosx10.10 -sdk /Applications/Xcode.app/Contents/Developer/Platforms/MacOSX.platform/Developer/SDKs/MacOSX10.15.sdk -package-description-version 5.2.0";
				SWIFT_VERSION = 5.0;
			};
			name = Debug;
		};
		OBJ_47 /* Release */ = {
			isa = XCBuildConfiguration;
			buildSettings = {
				LD = /usr/bin/true;
				OTHER_SWIFT_FLAGS = "-swift-version 5 -I $(TOOLCHAIN_DIR)/usr/lib/swift/pm/4_2 -target x86_64-apple-macosx10.10 -sdk /Applications/Xcode.app/Contents/Developer/Platforms/MacOSX.platform/Developer/SDKs/MacOSX10.15.sdk -package-description-version 5.2.0";
				SWIFT_VERSION = 5.0;
			};
			name = Release;
		};
		OBJ_52 /* Debug */ = {
			isa = XCBuildConfiguration;
			buildSettings = {
			};
			name = Debug;
		};
		OBJ_53 /* Release */ = {
			isa = XCBuildConfiguration;
			buildSettings = {
			};
			name = Release;
		};
		OBJ_57 /* Debug */ = {
			isa = XCBuildConfiguration;
			buildSettings = {
				CLANG_ENABLE_MODULES = YES;
				EMBEDDED_CONTENT_CONTAINS_SWIFT = YES;
				FRAMEWORK_SEARCH_PATHS = (
					"$(inherited)",
					"$(PLATFORM_DIR)/Developer/Library/Frameworks",
				);
				HEADER_SEARCH_PATHS = "$(inherited)";
				INFOPLIST_FILE = SwiftAmitHexFramework.xcodeproj/SwiftAmitHexFrameworkTests_Info.plist;
				IPHONEOS_DEPLOYMENT_TARGET = 8.0;
				LD_RUNPATH_SEARCH_PATHS = "$(inherited) @loader_path/../Frameworks @loader_path/Frameworks";
				MACOSX_DEPLOYMENT_TARGET = 10.10;
				OTHER_CFLAGS = "$(inherited)";
				OTHER_LDFLAGS = "$(inherited)";
				OTHER_SWIFT_FLAGS = "$(inherited)";
				SWIFT_ACTIVE_COMPILATION_CONDITIONS = "$(inherited)";
				SWIFT_VERSION = 5.0;
				TARGET_NAME = SwiftAmitHexFrameworkTests;
				TVOS_DEPLOYMENT_TARGET = 9.0;
				WATCHOS_DEPLOYMENT_TARGET = 2.0;
			};
			name = Debug;
		};
		OBJ_58 /* Release */ = {
			isa = XCBuildConfiguration;
			buildSettings = {
				CLANG_ENABLE_MODULES = YES;
				EMBEDDED_CONTENT_CONTAINS_SWIFT = YES;
				FRAMEWORK_SEARCH_PATHS = (
					"$(inherited)",
					"$(PLATFORM_DIR)/Developer/Library/Frameworks",
				);
				HEADER_SEARCH_PATHS = "$(inherited)";
				INFOPLIST_FILE = SwiftAmitHexFramework.xcodeproj/SwiftAmitHexFrameworkTests_Info.plist;
				IPHONEOS_DEPLOYMENT_TARGET = 8.0;
				LD_RUNPATH_SEARCH_PATHS = "$(inherited) @loader_path/../Frameworks @loader_path/Frameworks";
				MACOSX_DEPLOYMENT_TARGET = 10.10;
				OTHER_CFLAGS = "$(inherited)";
				OTHER_LDFLAGS = "$(inherited)";
				OTHER_SWIFT_FLAGS = "$(inherited)";
				SWIFT_ACTIVE_COMPILATION_CONDITIONS = "$(inherited)";
				SWIFT_VERSION = 5.0;
				TARGET_NAME = SwiftAmitHexFrameworkTests;
				TVOS_DEPLOYMENT_TARGET = 9.0;
				WATCHOS_DEPLOYMENT_TARGET = 2.0;
			};
			name = Release;
		};
/* End XCBuildConfiguration section */

/* Begin XCConfigurationList section */
		OBJ_2 /* Build configuration list for PBXProject "SwiftAmitHexFramework" */ = {
			isa = XCConfigurationList;
			buildConfigurations = (
				OBJ_3 /* Debug */,
				OBJ_4 /* Release */,
			);
			defaultConfigurationIsVisible = 0;
			defaultConfigurationName = Release;
		};
		OBJ_30 /* Build configuration list for PBXNativeTarget "SwiftAmitHexFramework" */ = {
			isa = XCConfigurationList;
			buildConfigurations = (
				OBJ_31 /* Debug */,
				OBJ_32 /* Release */,
			);
			defaultConfigurationIsVisible = 0;
			defaultConfigurationName = Release;
		};
		OBJ_45 /* Build configuration list for PBXNativeTarget "SwiftAmitHexFrameworkPackageDescription" */ = {
			isa = XCConfigurationList;
			buildConfigurations = (
				OBJ_46 /* Debug */,
				OBJ_47 /* Release */,
			);
			defaultConfigurationIsVisible = 0;
			defaultConfigurationName = Release;
		};
		OBJ_51 /* Build configuration list for PBXAggregateTarget "SwiftAmitHexFrameworkPackageTests" */ = {
			isa = XCConfigurationList;
			buildConfigurations = (
				OBJ_52 /* Debug */,
				OBJ_53 /* Release */,
			);
			defaultConfigurationIsVisible = 0;
			defaultConfigurationName = Release;
		};
		OBJ_56 /* Build configuration list for PBXNativeTarget "SwiftAmitHexFrameworkTests" */ = {
			isa = XCConfigurationList;
			buildConfigurations = (
				OBJ_57 /* Debug */,
				OBJ_58 /* Release */,
			);
			defaultConfigurationIsVisible = 0;
			defaultConfigurationName = Release;
		};
/* End XCConfigurationList section */
	};
	rootObject = OBJ_1 /* Project object */;
}
